
Microsoft Visual Studio Solution File, Format Version 12.00
# Visual Studio Version 16
VisualStudioVersion = 16.0.29609.76
MinimumVisualStudioVersion = 10.0.40219.1
Project("{FAE04EC0-301F-11D3-BF4B-00C04F79EFBC}") = "Desktop Widgets", "Desktop Widgets.csproj", "{EE834DF2-AA7F-45E5-AF3A-995F8E9B269B}"
EndProject
Project("{2150E333-8FDC-42A3-9474-1A3956D46DE8}") = "Solution Items", "Solution Items", "{B72EA3A7-151F-4647-B6CD-2D497197CB2A}"
	ProjectSection(SolutionItems) = preProject
		.editorconfig = .editorconfig
	EndProjectSection
EndProject
Project("{FAE04EC0-301F-11D3-BF4B-00C04F79EFBC}") = "EditedControls", "EditedControls\EditedControls.csproj", "{BD8FE308-0429-4133-A993-824C6C39F694}"
EndProject
Global
	GlobalSection(SolutionConfigurationPlatforms) = preSolution
		Debug|Any CPU = Debug|Any CPU
		Release|Any CPU = Release|Any CPU
	EndGlobalSection
	GlobalSection(ProjectConfigurationPlatforms) = postSolution
		{EE834DF2-AA7F-45E5-AF3A-995F8E9B269B}.Debug|Any CPU.ActiveCfg = Debug|Any CPU
		{EE834DF2-AA7F-45E5-AF3A-995F8E9B269B}.Debug|Any CPU.Build.0 = Debug|Any CPU
		{EE834DF2-AA7F-45E5-AF3A-995F8E9B269B}.Release|Any CPU.ActiveCfg = Release|Any CPU
		{EE834DF2-AA7F-45E5-AF3A-995F8E9B269B}.Release|Any CPU.Build.0 = Release|Any CPU
		{BD8FE308-0429-4133-A993-824C6C39F694}.Debug|Any CPU.ActiveCfg = Debug|Any CPU
		{BD8FE308-0429-4133-A993-824C6C39F694}.Debug|Any CPU.Build.0 = Debug|Any CPU
		{BD8FE308-0429-4133-A993-824C6C39F694}.Release|Any CPU.ActiveCfg = Release|Any CPU
		{BD8FE308-0429-4133-A993-824C6C39F694}.Release|Any CPU.Build.0 = Release|Any CPU
	EndGlobalSection
	GlobalSection(SolutionProperties) = preSolution
		HideSolutionNode = FALSE
	EndGlobalSection
	GlobalSection(ExtensibilityGlobals) = postSolution
		SolutionGuid = {47340185-2F85-43E1-8359-B92FA0DEADA7}
	EndGlobalSection
EndGlobal
